
Microsoft Visual Studio Solution File, Format Version 12.00
# Visual Studio Version 16
VisualStudioVersion = 16.0.34601.136
MinimumVisualStudioVersion = 10.0.40219.1
Project("{FAE04EC0-301F-11D3-BF4B-00C04F79EFBC}") = "fitariqik", "fitariqik.csproj", "{EDC63031-2E36-41D6-9248-81084F13E7DE}"
EndProject
Global
	GlobalSection(SolutionConfigurationPlatforms) = preSolution
		Debug|Any CPU = Debug|Any CPU
		Release|Any CPU = Release|Any CPU
	EndGlobalSection
	GlobalSection(ProjectConfigurationPlatforms) = postSolution
		{EDC63031-2E36-41D6-9248-81084F13E7DE}.Debug|Any CPU.ActiveCfg = Debug|Any CPU
		{EDC63031-2E36-41D6-9248-81084F13E7DE}.Debug|Any CPU.Build.0 = Debug|Any CPU
		{EDC63031-2E36-41D6-9248-81084F13E7DE}.Release|Any CPU.ActiveCfg = Release|Any CPU
		{EDC63031-2E36-41D6-9248-81084F13E7DE}.Release|Any CPU.Build.0 = Release|Any CPU
	EndGlobalSection
	GlobalSection(SolutionProperties) = preSolution
		HideSolutionNode = FALSE
	EndGlobalSection
	GlobalSection(ExtensibilityGlobals) = postSolution
		SolutionGuid = {E454AA17-7838-4602-A42F-5151D7430F44}
	EndGlobalSection
EndGlobal
